
Microsoft Visual Studio Solution File, Format Version 12.00
Project("{FAE04EC0-301F-11D3-BF4B-00C04F79EFBC}") = "CandidateTgBot", "CandidateTgBot\CandidateTgBot.csproj", "{A9CAE341-1324-435C-9B59-9A55D8DE78DE}"
EndProject
Project("{FAE04EC0-301F-11D3-BF4B-00C04F79EFBC}") = "Shared", "Shared\Shared.csproj", "{C5D5D07A-AE9D-4060-8DC5-7C200F7D5862}"
EndProject
Project("{FAE04EC0-301F-11D3-BF4B-00C04F79EFBC}") = "DataLayer", "DataLayer\DataLayer.csproj", "{46C619CD-3C75-4584-AF84-064C9FE8565C}"
EndProject
Project("{FAE04EC0-301F-11D3-BF4B-00C04F79EFBC}") = "ApiCore", "ApiCore\ApiCore.csproj", "{7BB29C78-815A-4A20-BCF6-3E5A7DDA28A2}"
EndProject
Project("{2150E333-8FDC-42A3-9474-1A3956D46DE8}") = "Backend", "Backend", "{1800328F-F413-463F-A147-706872187A07}"
EndProject
Project("{2150E333-8FDC-42A3-9474-1A3956D46DE8}") = "Web", "Web", "{3965B7AA-FFC4-497D-8A7F-7F0BDB7DDEA1}"
EndProject
Project("{2150E333-8FDC-42A3-9474-1A3956D46DE8}") = "Bots", "Bots", "{D9783224-E2C3-44AE-8F00-CF757E16EDAE}"
EndProject
Project("{FAE04EC0-301F-11D3-BF4B-00C04F79EFBC}") = "Application", "Application\Application.csproj", "{91D2D125-27C5-430A-AD42-6213FFB646C6}"
EndProject
Project("{FAE04EC0-301F-11D3-BF4B-00C04F79EFBC}") = "Application.Client", "Application.Client\Application.Client.csproj", "{56235271-7E90-4FB1-BA86-1DCE083E3770}"
EndProject
Project("{FAE04EC0-301F-11D3-BF4B-00C04F79EFBC}") = "UiContracts", "UiContracts\UiContracts.csproj", "{23D1A84E-A573-47E9-8D3A-1EBA22DAA3DF}"
EndProject
Global
	GlobalSection(SolutionConfigurationPlatforms) = preSolution
		Debug|Any CPU = Debug|Any CPU
		Release|Any CPU = Release|Any CPU
	EndGlobalSection
	GlobalSection(ProjectConfigurationPlatforms) = postSolution
		{A9CAE341-1324-435C-9B59-9A55D8DE78DE}.Debug|Any CPU.ActiveCfg = Debug|Any CPU
		{A9CAE341-1324-435C-9B59-9A55D8DE78DE}.Debug|Any CPU.Build.0 = Debug|Any CPU
		{A9CAE341-1324-435C-9B59-9A55D8DE78DE}.Release|Any CPU.ActiveCfg = Release|Any CPU
		{A9CAE341-1324-435C-9B59-9A55D8DE78DE}.Release|Any CPU.Build.0 = Release|Any CPU
		{C5D5D07A-AE9D-4060-8DC5-7C200F7D5862}.Debug|Any CPU.ActiveCfg = Debug|Any CPU
		{C5D5D07A-AE9D-4060-8DC5-7C200F7D5862}.Debug|Any CPU.Build.0 = Debug|Any CPU
		{C5D5D07A-AE9D-4060-8DC5-7C200F7D5862}.Release|Any CPU.ActiveCfg = Release|Any CPU
		{C5D5D07A-AE9D-4060-8DC5-7C200F7D5862}.Release|Any CPU.Build.0 = Release|Any CPU
		{46C619CD-3C75-4584-AF84-064C9FE8565C}.Debug|Any CPU.ActiveCfg = Debug|Any CPU
		{46C619CD-3C75-4584-AF84-064C9FE8565C}.Debug|Any CPU.Build.0 = Debug|Any CPU
		{46C619CD-3C75-4584-AF84-064C9FE8565C}.Release|Any CPU.ActiveCfg = Release|Any CPU
		{46C619CD-3C75-4584-AF84-064C9FE8565C}.Release|Any CPU.Build.0 = Release|Any CPU
		{7BB29C78-815A-4A20-BCF6-3E5A7DDA28A2}.Debug|Any CPU.ActiveCfg = Debug|Any CPU
		{7BB29C78-815A-4A20-BCF6-3E5A7DDA28A2}.Debug|Any CPU.Build.0 = Debug|Any CPU
		{7BB29C78-815A-4A20-BCF6-3E5A7DDA28A2}.Release|Any CPU.ActiveCfg = Release|Any CPU
		{7BB29C78-815A-4A20-BCF6-3E5A7DDA28A2}.Release|Any CPU.Build.0 = Release|Any CPU
		{91D2D125-27C5-430A-AD42-6213FFB646C6}.Debug|Any CPU.ActiveCfg = Debug|Any CPU
		{91D2D125-27C5-430A-AD42-6213FFB646C6}.Debug|Any CPU.Build.0 = Debug|Any CPU
		{91D2D125-27C5-430A-AD42-6213FFB646C6}.Release|Any CPU.ActiveCfg = Release|Any CPU
		{91D2D125-27C5-430A-AD42-6213FFB646C6}.Release|Any CPU.Build.0 = Release|Any CPU
		{56235271-7E90-4FB1-BA86-1DCE083E3770}.Debug|Any CPU.ActiveCfg = Debug|Any CPU
		{56235271-7E90-4FB1-BA86-1DCE083E3770}.Debug|Any CPU.Build.0 = Debug|Any CPU
		{56235271-7E90-4FB1-BA86-1DCE083E3770}.Release|Any CPU.ActiveCfg = Release|Any CPU
		{56235271-7E90-4FB1-BA86-1DCE083E3770}.Release|Any CPU.Build.0 = Release|Any CPU
		{23D1A84E-A573-47E9-8D3A-1EBA22DAA3DF}.Debug|Any CPU.ActiveCfg = Debug|Any CPU
		{23D1A84E-A573-47E9-8D3A-1EBA22DAA3DF}.Debug|Any CPU.Build.0 = Debug|Any CPU
		{23D1A84E-A573-47E9-8D3A-1EBA22DAA3DF}.Release|Any CPU.ActiveCfg = Release|Any CPU
		{23D1A84E-A573-47E9-8D3A-1EBA22DAA3DF}.Release|Any CPU.Build.0 = Release|Any CPU
	EndGlobalSection
	GlobalSection(NestedProjects) = preSolution
		{A9CAE341-1324-435C-9B59-9A55D8DE78DE} = {D9783224-E2C3-44AE-8F00-CF757E16EDAE}
		{7BB29C78-815A-4A20-BCF6-3E5A7DDA28A2} = {1800328F-F413-463F-A147-706872187A07}
		{46C619CD-3C75-4584-AF84-064C9FE8565C} = {1800328F-F413-463F-A147-706872187A07}
		{56235271-7E90-4FB1-BA86-1DCE083E3770} = {3965B7AA-FFC4-497D-8A7F-7F0BDB7DDEA1}
		{23D1A84E-A573-47E9-8D3A-1EBA22DAA3DF} = {3965B7AA-FFC4-497D-8A7F-7F0BDB7DDEA1}
	EndGlobalSection
EndGlobal
